
Microsoft Visual Studio Solution File, Format Version 12.00
# Visual Studio 15
Project("{FAE04EC0-301F-11D3-BF4B-00C04F79EFBC}") = "Assembly-CSharp", "Assembly-CSharp.csproj", "{64891003-6889-8F67-2D85-F769DA41B0F9}"
EndProject
Project("{FAE04EC0-301F-11D3-BF4B-00C04F79EFBC}") = "UnityEngine.UI", "UnityEngine.UI.csproj", "{F43BA0D9-B80C-061C-D649-A8DB22695B50}"
EndProject
Project("{FAE04EC0-301F-11D3-BF4B-00C04F79EFBC}") = "UnityEditor.UI", "UnityEditor.UI.csproj", "{380E2B27-5A71-8D91-6F69-CE63456D6DDB}"
EndProject
Global
	GlobalSection(SolutionConfigurationPlatforms) = preSolution
		Debug|Any CPU = Debug|Any CPU
		Release|Any CPU = Release|Any CPU
	EndGlobalSection
	GlobalSection(ProjectConfigurationPlatforms) = postSolution
		{64891003-6889-8F67-2D85-F769DA41B0F9}.Debug|Any CPU.ActiveCfg = Debug|Any CPU
		{64891003-6889-8F67-2D85-F769DA41B0F9}.Debug|Any CPU.Build.0 = Debug|Any CPU
		{64891003-6889-8F67-2D85-F769DA41B0F9}.Release|Any CPU.ActiveCfg = Release|Any CPU
		{64891003-6889-8F67-2D85-F769DA41B0F9}.Release|Any CPU.Build.0 = Release|Any CPU
		{F43BA0D9-B80C-061C-D649-A8DB22695B50}.Debug|Any CPU.ActiveCfg = Debug|Any CPU
		{F43BA0D9-B80C-061C-D649-A8DB22695B50}.Debug|Any CPU.Build.0 = Debug|Any CPU
		{F43BA0D9-B80C-061C-D649-A8DB22695B50}.Release|Any CPU.ActiveCfg = Release|Any CPU
		{F43BA0D9-B80C-061C-D649-A8DB22695B50}.Release|Any CPU.Build.0 = Release|Any CPU
		{380E2B27-5A71-8D91-6F69-CE63456D6DDB}.Debug|Any CPU.ActiveCfg = Debug|Any CPU
		{380E2B27-5A71-8D91-6F69-CE63456D6DDB}.Debug|Any CPU.Build.0 = Debug|Any CPU
		{380E2B27-5A71-8D91-6F69-CE63456D6DDB}.Release|Any CPU.ActiveCfg = Release|Any CPU
		{380E2B27-5A71-8D91-6F69-CE63456D6DDB}.Release|Any CPU.Build.0 = Release|Any CPU
	EndGlobalSection
	GlobalSection(SolutionProperties) = preSolution
		HideSolutionNode = FALSE
	EndGlobalSection
EndGlobal
